
Microsoft Visual Studio Solution File, Format Version 12.00
Project("{2150E333-8FDC-42A3-9474-1A3956D46DE8}") = "RabbitMQ.Exchange.Direct", "RabbitMQ.Exchange.Direct", "{DEBFF40A-2ADE-4BD8-B2C9-F0E0D1A57D18}"
EndProject
Project("{2150E333-8FDC-42A3-9474-1A3956D46DE8}") = "RabbitMQ.Exchange.Fanout", "RabbitMQ.Exchange.Fanout", "{40E81A1E-A416-4CFD-BF5B-FBA2354D19FD}"
EndProject
Project("{2150E333-8FDC-42A3-9474-1A3956D46DE8}") = "RabbitMQ.Exchange.Topic", "RabbitMQ.Exchange.Topic", "{95640EF0-A835-4C32-A2CD-721710079C0E}"
EndProject
Project("{2150E333-8FDC-42A3-9474-1A3956D46DE8}") = "RabbitMQ.Start", "RabbitMQ.Start", "{64288452-E362-4351-B066-79C103B4DD1B}"
EndProject
Project("{2150E333-8FDC-42A3-9474-1A3956D46DE8}") = "RabbitMQ.LoadBalancing", "RabbitMQ.LoadBalancing", "{D9F8BADF-7DFE-4809-B9E4-192DB91EA5D0}"
EndProject
Project("{FAE04EC0-301F-11D3-BF4B-00C04F79EFBC}") = "RabbitMQ.Start.Sender", "RabbitMQ.Start\RabbitMQ.Start.Sender\RabbitMQ.Start.Sender\RabbitMQ.Start.Sender.csproj", "{B867EDD5-58F5-4093-83E3-AA7FE3104A01}"
EndProject
Project("{FAE04EC0-301F-11D3-BF4B-00C04F79EFBC}") = "RabbitMQ.Start.Receiver", "RabbitMQ.Start\RabbitMQ.Start.Receiver\RabbitMQ.Start.Receiver.csproj", "{F6C3095E-9DA6-47F8-8202-7372852A87A3}"
EndProject
Project("{FAE04EC0-301F-11D3-BF4B-00C04F79EFBC}") = "RabbitMQ.Exchange.Topic.Sender", "RabbitMQ.Exchange.Topic\RabbitMQ.Exchange.Topic.Sender\RabbitMQ.Exchange.Topic.Sender.csproj", "{31CF7B7D-0A64-4FFD-8D59-7672A4165E8A}"
EndProject
Project("{FAE04EC0-301F-11D3-BF4B-00C04F79EFBC}") = "RabbitMQ.Exchange.Topic.SMS", "RabbitMQ.Exchange.Topic\RabbitMQ.Exchange.Topic.SMS\RabbitMQ.Exchange.Topic.SMS.csproj", "{414C68D9-FC04-4787-9A84-906533C5C6F3}"
EndProject
Project("{FAE04EC0-301F-11D3-BF4B-00C04F79EFBC}") = "RabbitMQ.Exchange.Topic.Email", "RabbitMQ.Exchange.Topic\RabbitMQ.Exchange.Topic.Email\RabbitMQ.Exchange.Topic.Email.csproj", "{1C7FB76D-9B7F-439A-A4C3-BE2C6DA1D3AD}"
EndProject
Project("{FAE04EC0-301F-11D3-BF4B-00C04F79EFBC}") = "RabbitMQ.Exchange.Topic.Logger", "RabbitMQ.Exchange.Topic\RabbitMQ.Exchange.Topic.Logger\RabbitMQ.Exchange.Topic.Logger.csproj", "{DEA11AE5-1910-4C53-9E6B-DFE318BDFF15}"
EndProject
Project("{FAE04EC0-301F-11D3-BF4B-00C04F79EFBC}") = "RabbitMQ.Exchange.Direct.Sender", "RabbitMQ.Exchange.Direct\RabbitMQ.Exchange.Direct.Sender\RabbitMQ.Exchange.Direct.Sender.csproj", "{4EA77844-8581-4530-BF8D-EA27043DA522}"
EndProject
Project("{FAE04EC0-301F-11D3-BF4B-00C04F79EFBC}") = "RabbitMQ.Exchange.Direct.SMS", "RabbitMQ.Exchange.Direct\RabbitMQ.Exchange.Direct.SMS\RabbitMQ.Exchange.Direct.SMS.csproj", "{7F135FB9-F6A8-4571-8EE4-3DBF882ECC55}"
EndProject
Project("{FAE04EC0-301F-11D3-BF4B-00C04F79EFBC}") = "RabbitMQ.Exchange.Direct.Email", "RabbitMQ.Exchange.Direct\RabbitMQ.Exchange.Direct.Email\RabbitMQ.Exchange.Direct.Email.csproj", "{CF634612-5FA2-413C-AE57-450A28E088A7}"
EndProject
Project("{FAE04EC0-301F-11D3-BF4B-00C04F79EFBC}") = "RabbitMQ.Exchange.Direct.Logger", "RabbitMQ.Exchange.Direct\RabbitMQ.Exchange.Direct.Logger\RabbitMQ.Exchange.Direct.Logger.csproj", "{60B03BC6-1AE6-46DC-8032-BC62B8BC32CD}"
EndProject
Project("{FAE04EC0-301F-11D3-BF4B-00C04F79EFBC}") = "RabbitMQ.Exchange.Fanout.Sender", "RabbitMQ.Exchange.Fanout\RabbitMQ.Exchange.Fanout.Sender\RabbitMQ.Exchange.Fanout.Sender.csproj", "{5FFBA86E-240F-4C4B-90B6-8EF0455358C5}"
EndProject
Project("{FAE04EC0-301F-11D3-BF4B-00C04F79EFBC}") = "RabbitMQ.Exchange.Fanout.SMS", "RabbitMQ.Exchange.Fanout\RabbitMQ.Exchange.Fanout.SMS\RabbitMQ.Exchange.Fanout.SMS.csproj", "{058D60C0-3EB4-4999-82EE-648952A06F43}"
EndProject
Project("{FAE04EC0-301F-11D3-BF4B-00C04F79EFBC}") = "RabbitMQ.Exchange.Fanout.Email", "RabbitMQ.Exchange.Fanout\RabbitMQ.Exchange.Fanout.Email\RabbitMQ.Exchange.Fanout.Email.csproj", "{2D041CFC-B9FB-4603-9E04-60345A5F1F62}"
EndProject
Project("{FAE04EC0-301F-11D3-BF4B-00C04F79EFBC}") = "RabbitMQ.Exchange.Fanout.Logger", "RabbitMQ.Exchange.Fanout\RabbitMQ.Exchange.Fanout.Logger\RabbitMQ.Exchange.Fanout.Logger.csproj", "{9CE29981-FD84-473F-8931-3637005EE411}"
EndProject
Project("{FAE04EC0-301F-11D3-BF4B-00C04F79EFBC}") = "RabbitMQ.LoadBalancing.Sender", "RabbitMQ.LoadBalancing\RabbitMQ.LoadBalancing.Sender\RabbitMQ.LoadBalancing.Sender.csproj", "{87AC5750-C4B7-4C9D-805B-E7D9531329D8}"
EndProject
Project("{FAE04EC0-301F-11D3-BF4B-00C04F79EFBC}") = "RabbitMQ.LoadBalancing.Receiver", "RabbitMQ.LoadBalancing\RabbitMQ.LoadBalancing.Receiver\RabbitMQ.LoadBalancing.Receiver.csproj", "{4FBB74F0-2421-43FD-B380-1F3F56BED10F}"
EndProject
Global
	GlobalSection(SolutionConfigurationPlatforms) = preSolution
		Debug|Any CPU = Debug|Any CPU
		Release|Any CPU = Release|Any CPU
	EndGlobalSection
	GlobalSection(NestedProjects) = preSolution
		{B867EDD5-58F5-4093-83E3-AA7FE3104A01} = {64288452-E362-4351-B066-79C103B4DD1B}
		{F6C3095E-9DA6-47F8-8202-7372852A87A3} = {64288452-E362-4351-B066-79C103B4DD1B}
		{31CF7B7D-0A64-4FFD-8D59-7672A4165E8A} = {95640EF0-A835-4C32-A2CD-721710079C0E}
		{414C68D9-FC04-4787-9A84-906533C5C6F3} = {95640EF0-A835-4C32-A2CD-721710079C0E}
		{1C7FB76D-9B7F-439A-A4C3-BE2C6DA1D3AD} = {95640EF0-A835-4C32-A2CD-721710079C0E}
		{DEA11AE5-1910-4C53-9E6B-DFE318BDFF15} = {95640EF0-A835-4C32-A2CD-721710079C0E}
		{4EA77844-8581-4530-BF8D-EA27043DA522} = {DEBFF40A-2ADE-4BD8-B2C9-F0E0D1A57D18}
		{7F135FB9-F6A8-4571-8EE4-3DBF882ECC55} = {DEBFF40A-2ADE-4BD8-B2C9-F0E0D1A57D18}
		{CF634612-5FA2-413C-AE57-450A28E088A7} = {DEBFF40A-2ADE-4BD8-B2C9-F0E0D1A57D18}
		{60B03BC6-1AE6-46DC-8032-BC62B8BC32CD} = {DEBFF40A-2ADE-4BD8-B2C9-F0E0D1A57D18}
		{5FFBA86E-240F-4C4B-90B6-8EF0455358C5} = {40E81A1E-A416-4CFD-BF5B-FBA2354D19FD}
		{058D60C0-3EB4-4999-82EE-648952A06F43} = {40E81A1E-A416-4CFD-BF5B-FBA2354D19FD}
		{2D041CFC-B9FB-4603-9E04-60345A5F1F62} = {40E81A1E-A416-4CFD-BF5B-FBA2354D19FD}
		{9CE29981-FD84-473F-8931-3637005EE411} = {40E81A1E-A416-4CFD-BF5B-FBA2354D19FD}
		{87AC5750-C4B7-4C9D-805B-E7D9531329D8} = {D9F8BADF-7DFE-4809-B9E4-192DB91EA5D0}
		{4FBB74F0-2421-43FD-B380-1F3F56BED10F} = {D9F8BADF-7DFE-4809-B9E4-192DB91EA5D0}
	EndGlobalSection
	GlobalSection(ProjectConfigurationPlatforms) = postSolution
		{B867EDD5-58F5-4093-83E3-AA7FE3104A01}.Debug|Any CPU.ActiveCfg = Debug|Any CPU
		{B867EDD5-58F5-4093-83E3-AA7FE3104A01}.Debug|Any CPU.Build.0 = Debug|Any CPU
		{B867EDD5-58F5-4093-83E3-AA7FE3104A01}.Release|Any CPU.ActiveCfg = Release|Any CPU
		{B867EDD5-58F5-4093-83E3-AA7FE3104A01}.Release|Any CPU.Build.0 = Release|Any CPU
		{F6C3095E-9DA6-47F8-8202-7372852A87A3}.Debug|Any CPU.ActiveCfg = Debug|Any CPU
		{F6C3095E-9DA6-47F8-8202-7372852A87A3}.Debug|Any CPU.Build.0 = Debug|Any CPU
		{F6C3095E-9DA6-47F8-8202-7372852A87A3}.Release|Any CPU.ActiveCfg = Release|Any CPU
		{F6C3095E-9DA6-47F8-8202-7372852A87A3}.Release|Any CPU.Build.0 = Release|Any CPU
		{31CF7B7D-0A64-4FFD-8D59-7672A4165E8A}.Debug|Any CPU.ActiveCfg = Debug|Any CPU
		{31CF7B7D-0A64-4FFD-8D59-7672A4165E8A}.Debug|Any CPU.Build.0 = Debug|Any CPU
		{31CF7B7D-0A64-4FFD-8D59-7672A4165E8A}.Release|Any CPU.ActiveCfg = Release|Any CPU
		{31CF7B7D-0A64-4FFD-8D59-7672A4165E8A}.Release|Any CPU.Build.0 = Release|Any CPU
		{414C68D9-FC04-4787-9A84-906533C5C6F3}.Debug|Any CPU.ActiveCfg = Debug|Any CPU
		{414C68D9-FC04-4787-9A84-906533C5C6F3}.Debug|Any CPU.Build.0 = Debug|Any CPU
		{414C68D9-FC04-4787-9A84-906533C5C6F3}.Release|Any CPU.ActiveCfg = Release|Any CPU
		{414C68D9-FC04-4787-9A84-906533C5C6F3}.Release|Any CPU.Build.0 = Release|Any CPU
		{1C7FB76D-9B7F-439A-A4C3-BE2C6DA1D3AD}.Debug|Any CPU.ActiveCfg = Debug|Any CPU
		{1C7FB76D-9B7F-439A-A4C3-BE2C6DA1D3AD}.Debug|Any CPU.Build.0 = Debug|Any CPU
		{1C7FB76D-9B7F-439A-A4C3-BE2C6DA1D3AD}.Release|Any CPU.ActiveCfg = Release|Any CPU
		{1C7FB76D-9B7F-439A-A4C3-BE2C6DA1D3AD}.Release|Any CPU.Build.0 = Release|Any CPU
		{DEA11AE5-1910-4C53-9E6B-DFE318BDFF15}.Debug|Any CPU.ActiveCfg = Debug|Any CPU
		{DEA11AE5-1910-4C53-9E6B-DFE318BDFF15}.Debug|Any CPU.Build.0 = Debug|Any CPU
		{DEA11AE5-1910-4C53-9E6B-DFE318BDFF15}.Release|Any CPU.ActiveCfg = Release|Any CPU
		{DEA11AE5-1910-4C53-9E6B-DFE318BDFF15}.Release|Any CPU.Build.0 = Release|Any CPU
		{4EA77844-8581-4530-BF8D-EA27043DA522}.Debug|Any CPU.ActiveCfg = Debug|Any CPU
		{4EA77844-8581-4530-BF8D-EA27043DA522}.Debug|Any CPU.Build.0 = Debug|Any CPU
		{4EA77844-8581-4530-BF8D-EA27043DA522}.Release|Any CPU.ActiveCfg = Release|Any CPU
		{4EA77844-8581-4530-BF8D-EA27043DA522}.Release|Any CPU.Build.0 = Release|Any CPU
		{7F135FB9-F6A8-4571-8EE4-3DBF882ECC55}.Debug|Any CPU.ActiveCfg = Debug|Any CPU
		{7F135FB9-F6A8-4571-8EE4-3DBF882ECC55}.Debug|Any CPU.Build.0 = Debug|Any CPU
		{7F135FB9-F6A8-4571-8EE4-3DBF882ECC55}.Release|Any CPU.ActiveCfg = Release|Any CPU
		{7F135FB9-F6A8-4571-8EE4-3DBF882ECC55}.Release|Any CPU.Build.0 = Release|Any CPU
		{CF634612-5FA2-413C-AE57-450A28E088A7}.Debug|Any CPU.ActiveCfg = Debug|Any CPU
		{CF634612-5FA2-413C-AE57-450A28E088A7}.Debug|Any CPU.Build.0 = Debug|Any CPU
		{CF634612-5FA2-413C-AE57-450A28E088A7}.Release|Any CPU.ActiveCfg = Release|Any CPU
		{CF634612-5FA2-413C-AE57-450A28E088A7}.Release|Any CPU.Build.0 = Release|Any CPU
		{60B03BC6-1AE6-46DC-8032-BC62B8BC32CD}.Debug|Any CPU.ActiveCfg = Debug|Any CPU
		{60B03BC6-1AE6-46DC-8032-BC62B8BC32CD}.Debug|Any CPU.Build.0 = Debug|Any CPU
		{60B03BC6-1AE6-46DC-8032-BC62B8BC32CD}.Release|Any CPU.ActiveCfg = Release|Any CPU
		{60B03BC6-1AE6-46DC-8032-BC62B8BC32CD}.Release|Any CPU.Build.0 = Release|Any CPU
		{5FFBA86E-240F-4C4B-90B6-8EF0455358C5}.Debug|Any CPU.ActiveCfg = Debug|Any CPU
		{5FFBA86E-240F-4C4B-90B6-8EF0455358C5}.Debug|Any CPU.Build.0 = Debug|Any CPU
		{5FFBA86E-240F-4C4B-90B6-8EF0455358C5}.Release|Any CPU.ActiveCfg = Release|Any CPU
		{5FFBA86E-240F-4C4B-90B6-8EF0455358C5}.Release|Any CPU.Build.0 = Release|Any CPU
		{058D60C0-3EB4-4999-82EE-648952A06F43}.Debug|Any CPU.ActiveCfg = Debug|Any CPU
		{058D60C0-3EB4-4999-82EE-648952A06F43}.Debug|Any CPU.Build.0 = Debug|Any CPU
		{058D60C0-3EB4-4999-82EE-648952A06F43}.Release|Any CPU.ActiveCfg = Release|Any CPU
		{058D60C0-3EB4-4999-82EE-648952A06F43}.Release|Any CPU.Build.0 = Release|Any CPU
		{2D041CFC-B9FB-4603-9E04-60345A5F1F62}.Debug|Any CPU.ActiveCfg = Debug|Any CPU
		{2D041CFC-B9FB-4603-9E04-60345A5F1F62}.Debug|Any CPU.Build.0 = Debug|Any CPU
		{2D041CFC-B9FB-4603-9E04-60345A5F1F62}.Release|Any CPU.ActiveCfg = Release|Any CPU
		{2D041CFC-B9FB-4603-9E04-60345A5F1F62}.Release|Any CPU.Build.0 = Release|Any CPU
		{9CE29981-FD84-473F-8931-3637005EE411}.Debug|Any CPU.ActiveCfg = Debug|Any CPU
		{9CE29981-FD84-473F-8931-3637005EE411}.Debug|Any CPU.Build.0 = Debug|Any CPU
		{9CE29981-FD84-473F-8931-3637005EE411}.Release|Any CPU.ActiveCfg = Release|Any CPU
		{9CE29981-FD84-473F-8931-3637005EE411}.Release|Any CPU.Build.0 = Release|Any CPU
		{87AC5750-C4B7-4C9D-805B-E7D9531329D8}.Debug|Any CPU.ActiveCfg = Debug|Any CPU
		{87AC5750-C4B7-4C9D-805B-E7D9531329D8}.Debug|Any CPU.Build.0 = Debug|Any CPU
		{87AC5750-C4B7-4C9D-805B-E7D9531329D8}.Release|Any CPU.ActiveCfg = Release|Any CPU
		{87AC5750-C4B7-4C9D-805B-E7D9531329D8}.Release|Any CPU.Build.0 = Release|Any CPU
		{4FBB74F0-2421-43FD-B380-1F3F56BED10F}.Debug|Any CPU.ActiveCfg = Debug|Any CPU
		{4FBB74F0-2421-43FD-B380-1F3F56BED10F}.Debug|Any CPU.Build.0 = Debug|Any CPU
		{4FBB74F0-2421-43FD-B380-1F3F56BED10F}.Release|Any CPU.ActiveCfg = Release|Any CPU
		{4FBB74F0-2421-43FD-B380-1F3F56BED10F}.Release|Any CPU.Build.0 = Release|Any CPU
	EndGlobalSection
EndGlobal
