
Microsoft Visual Studio Solution File, Format Version 12.00
Project("{2150E333-8FDC-42A3-9474-1A3956D46DE8}") = "RabbitMQ.Exchange.Direct", "RabbitMQ.Exchange.Direct", "{DEBFF40A-2ADE-4BD8-B2C9-F0E0D1A57D18}"
EndProject
Project("{2150E333-8FDC-42A3-9474-1A3956D46DE8}") = "RabbitMQ.Exchange.Fanout", "RabbitMQ.Exchange.Fanout", "{40E81A1E-A416-4CFD-BF5B-FBA2354D19FD}"
EndProject
Project("{2150E333-8FDC-42A3-9474-1A3956D46DE8}") = "RabbitMQ.Exchange.Topic", "RabbitMQ.Exchange.Topic", "{95640EF0-A835-4C32-A2CD-721710079C0E}"
EndProject
Project("{2150E333-8FDC-42A3-9474-1A3956D46DE8}") = "RabbitMQ.Start", "RabbitMQ.Start", "{64288452-E362-4351-B066-79C103B4DD1B}"
EndProject
Project("{2150E333-8FDC-42A3-9474-1A3956D46DE8}") = "RabbitMQ.LoadBalancing", "RabbitMQ.LoadBalancing", "{D9F8BADF-7DFE-4809-B9E4-192DB91EA5D0}"
EndProject
Project("{FAE04EC0-301F-11D3-BF4B-00C04F79EFBC}") = "RabbitMQ.Start.Sender", "RabbitMQ.Start.Sender\RabbitMQ.Start.Sender.csproj", "{B867EDD5-58F5-4093-83E3-AA7FE3104A01}"
EndProject
Project("{FAE04EC0-301F-11D3-BF4B-00C04F79EFBC}") = "RabbitMQ.Start.Receiver", "RabbitMQ.Start.Receiver\RabbitMQ.Start.Receiver.csproj", "{F6C3095E-9DA6-47F8-8202-7372852A87A3}"
EndProject
Global
	GlobalSection(SolutionConfigurationPlatforms) = preSolution
		Debug|Any CPU = Debug|Any CPU
		Release|Any CPU = Release|Any CPU
	EndGlobalSection
	GlobalSection(NestedProjects) = preSolution
		{B867EDD5-58F5-4093-83E3-AA7FE3104A01} = {64288452-E362-4351-B066-79C103B4DD1B}
		{F6C3095E-9DA6-47F8-8202-7372852A87A3} = {64288452-E362-4351-B066-79C103B4DD1B}
	EndGlobalSection
	GlobalSection(ProjectConfigurationPlatforms) = postSolution
		{B867EDD5-58F5-4093-83E3-AA7FE3104A01}.Debug|Any CPU.ActiveCfg = Debug|Any CPU
		{B867EDD5-58F5-4093-83E3-AA7FE3104A01}.Debug|Any CPU.Build.0 = Debug|Any CPU
		{B867EDD5-58F5-4093-83E3-AA7FE3104A01}.Release|Any CPU.ActiveCfg = Release|Any CPU
		{B867EDD5-58F5-4093-83E3-AA7FE3104A01}.Release|Any CPU.Build.0 = Release|Any CPU
		{F6C3095E-9DA6-47F8-8202-7372852A87A3}.Debug|Any CPU.ActiveCfg = Debug|Any CPU
		{F6C3095E-9DA6-47F8-8202-7372852A87A3}.Debug|Any CPU.Build.0 = Debug|Any CPU
		{F6C3095E-9DA6-47F8-8202-7372852A87A3}.Release|Any CPU.ActiveCfg = Release|Any CPU
		{F6C3095E-9DA6-47F8-8202-7372852A87A3}.Release|Any CPU.Build.0 = Release|Any CPU
	EndGlobalSection
EndGlobal
